
Microsoft Visual Studio Solution File, Format Version 12.00
# Visual Studio 14
VisualStudioVersion = 14.0.23107.0
MinimumVisualStudioVersion = 10.0.40219.1
Project("{2150E333-8FDC-42A3-9474-1A3956D46DE8}") = "ReiPatcher", "ReiPatcher", "{B6A8CDBF-AEE7-40AE-BA10-80EFBAE73131}"
EndProject
Project("{2150E333-8FDC-42A3-9474-1A3956D46DE8}") = "CM3D2.ExHelloWorld", "CM3D2.ExHelloWorld", "{92D9112F-1167-476C-9416-C29FFF1092EF}"
EndProject
Project("{FAE04EC0-301F-11D3-BF4B-00C04F79EFBC}") = "CM3D2.ExHelloWorld.Hook", "ReiPatcher\CM3D2.ExHelloWorld\CM3D2.ExHelloWorld.Hook\CM3D2.ExHelloWorld.Hook.csproj", "{53FBD5F1-34AC-4A12-B9E3-DE500E073E25}"
EndProject
Project("{FAE04EC0-301F-11D3-BF4B-00C04F79EFBC}") = "CM3D2.ExHelloWorld.Patcher", "ReiPatcher\CM3D2.ExHelloWorld\CM3D2.ExHelloWorld.Patcher\CM3D2.ExHelloWorld.Patcher.csproj", "{C2D97065-58D5-4116-9486-384B49B5BBDA}"
EndProject
Project("{2150E333-8FDC-42A3-9474-1A3956D46DE8}") = "ExMultiGame", "ExMultiGame", "{5A225781-647B-43CA-96A1-B37CE928BEE9}"
EndProject
Project("{FAE04EC0-301F-11D3-BF4B-00C04F79EFBC}") = "ExMultiGame.Hook", "ReiPatcher\ExMultiGame\ExMutliGame.Hook\ExMultiGame.Hook.csproj", "{56B723C5-66A6-41FF-B472-F7FA45AD4D03}"
EndProject
Project("{FAE04EC0-301F-11D3-BF4B-00C04F79EFBC}") = "ExMultiGame.Patcher", "ReiPatcher\ExMultiGame\ExMultiGame.Patcher\ExMultiGame.Patcher.csproj", "{DFCE1487-A9DF-4A73-A3D9-AD2F20DB95D7}"
EndProject
Project("{2150E333-8FDC-42A3-9474-1A3956D46DE8}") = "CM3D2.ExAdvHooks", "CM3D2.ExAdvHooks", "{DBBDBC65-44DF-417E-BF66-BB16EE30768F}"
EndProject
Project("{FAE04EC0-301F-11D3-BF4B-00C04F79EFBC}") = "CM3D2.ExAdvHooks.Hook", "ReiPatcher\CM3D2.ExAdvHooks\CM3D2.ExAdvHooks.Hook\CM3D2.ExAdvHooks.Hook.csproj", "{7CE2E06D-C241-4861-94E6-3838CA84D2D8}"
EndProject
Project("{FAE04EC0-301F-11D3-BF4B-00C04F79EFBC}") = "CM3D2.ExAdvHooks.Patcher", "ReiPatcher\CM3D2.ExAdvHooks\CM3D2.ExAdvHooks.Patcher\CM3D2.ExAdvHooks.Patcher.csproj", "{1C7A39BC-B798-4D53-9E20-8CA59CBD2754}"
EndProject
Project("{2150E333-8FDC-42A3-9474-1A3956D46DE8}") = "UnityInjector", "UnityInjector", "{F032516D-A3F0-40A5-9114-11F2E79F796A}"
EndProject
Project("{2150E333-8FDC-42A3-9474-1A3956D46DE8}") = "HelloWorld", "HelloWorld", "{405A63AA-C855-417E-8138-32B5239BD31D}"
EndProject
Project("{FAE04EC0-301F-11D3-BF4B-00C04F79EFBC}") = "HelloWorld.Plugin", "UnityInjector\HelloWorld\HelloWorld.Plugin\HelloWorld.Plugin.csproj", "{C3E93580-6F49-413B-B606-53B3B531F7D1}"
EndProject
Project("{2150E333-8FDC-42A3-9474-1A3956D46DE8}") = "ExSimpleExIniConfig", "ExSimpleExIniConfig", "{DEB51F3F-EFF5-4DB1-B09B-D43FCA0C7786}"
EndProject
Project("{FAE04EC0-301F-11D3-BF4B-00C04F79EFBC}") = "ExSimpleIniConfig.Plugin", "UnityInjector\ExSimpleExIniConfig\ExSimpleIniConfig.Plugin\ExSimpleIniConfig.Plugin.csproj", "{04A3E216-A268-44E3-971B-1D811FC55E46}"
EndProject
Global
	GlobalSection(SolutionConfigurationPlatforms) = preSolution
		Debug|Any CPU = Debug|Any CPU
		Release|Any CPU = Release|Any CPU
	EndGlobalSection
	GlobalSection(ProjectConfigurationPlatforms) = postSolution
		{53FBD5F1-34AC-4A12-B9E3-DE500E073E25}.Debug|Any CPU.ActiveCfg = Debug|Any CPU
		{53FBD5F1-34AC-4A12-B9E3-DE500E073E25}.Debug|Any CPU.Build.0 = Debug|Any CPU
		{53FBD5F1-34AC-4A12-B9E3-DE500E073E25}.Release|Any CPU.ActiveCfg = Release|Any CPU
		{53FBD5F1-34AC-4A12-B9E3-DE500E073E25}.Release|Any CPU.Build.0 = Release|Any CPU
		{C2D97065-58D5-4116-9486-384B49B5BBDA}.Debug|Any CPU.ActiveCfg = Debug|Any CPU
		{C2D97065-58D5-4116-9486-384B49B5BBDA}.Debug|Any CPU.Build.0 = Debug|Any CPU
		{C2D97065-58D5-4116-9486-384B49B5BBDA}.Release|Any CPU.ActiveCfg = Release|Any CPU
		{C2D97065-58D5-4116-9486-384B49B5BBDA}.Release|Any CPU.Build.0 = Release|Any CPU
		{56B723C5-66A6-41FF-B472-F7FA45AD4D03}.Debug|Any CPU.ActiveCfg = Debug|Any CPU
		{56B723C5-66A6-41FF-B472-F7FA45AD4D03}.Debug|Any CPU.Build.0 = Debug|Any CPU
		{56B723C5-66A6-41FF-B472-F7FA45AD4D03}.Release|Any CPU.ActiveCfg = Release|Any CPU
		{56B723C5-66A6-41FF-B472-F7FA45AD4D03}.Release|Any CPU.Build.0 = Release|Any CPU
		{DFCE1487-A9DF-4A73-A3D9-AD2F20DB95D7}.Debug|Any CPU.ActiveCfg = Debug|Any CPU
		{DFCE1487-A9DF-4A73-A3D9-AD2F20DB95D7}.Debug|Any CPU.Build.0 = Debug|Any CPU
		{DFCE1487-A9DF-4A73-A3D9-AD2F20DB95D7}.Release|Any CPU.ActiveCfg = Release|Any CPU
		{DFCE1487-A9DF-4A73-A3D9-AD2F20DB95D7}.Release|Any CPU.Build.0 = Release|Any CPU
		{7CE2E06D-C241-4861-94E6-3838CA84D2D8}.Debug|Any CPU.ActiveCfg = Debug|Any CPU
		{7CE2E06D-C241-4861-94E6-3838CA84D2D8}.Debug|Any CPU.Build.0 = Debug|Any CPU
		{7CE2E06D-C241-4861-94E6-3838CA84D2D8}.Release|Any CPU.ActiveCfg = Release|Any CPU
		{7CE2E06D-C241-4861-94E6-3838CA84D2D8}.Release|Any CPU.Build.0 = Release|Any CPU
		{1C7A39BC-B798-4D53-9E20-8CA59CBD2754}.Debug|Any CPU.ActiveCfg = Debug|Any CPU
		{1C7A39BC-B798-4D53-9E20-8CA59CBD2754}.Debug|Any CPU.Build.0 = Debug|Any CPU
		{1C7A39BC-B798-4D53-9E20-8CA59CBD2754}.Release|Any CPU.ActiveCfg = Release|Any CPU
		{1C7A39BC-B798-4D53-9E20-8CA59CBD2754}.Release|Any CPU.Build.0 = Release|Any CPU
		{C3E93580-6F49-413B-B606-53B3B531F7D1}.Debug|Any CPU.ActiveCfg = Debug|Any CPU
		{C3E93580-6F49-413B-B606-53B3B531F7D1}.Debug|Any CPU.Build.0 = Debug|Any CPU
		{C3E93580-6F49-413B-B606-53B3B531F7D1}.Release|Any CPU.ActiveCfg = Release|Any CPU
		{C3E93580-6F49-413B-B606-53B3B531F7D1}.Release|Any CPU.Build.0 = Release|Any CPU
		{04A3E216-A268-44E3-971B-1D811FC55E46}.Debug|Any CPU.ActiveCfg = Debug|Any CPU
		{04A3E216-A268-44E3-971B-1D811FC55E46}.Debug|Any CPU.Build.0 = Debug|Any CPU
		{04A3E216-A268-44E3-971B-1D811FC55E46}.Release|Any CPU.ActiveCfg = Release|Any CPU
		{04A3E216-A268-44E3-971B-1D811FC55E46}.Release|Any CPU.Build.0 = Release|Any CPU
	EndGlobalSection
	GlobalSection(SolutionProperties) = preSolution
		HideSolutionNode = FALSE
	EndGlobalSection
	GlobalSection(NestedProjects) = preSolution
		{92D9112F-1167-476C-9416-C29FFF1092EF} = {B6A8CDBF-AEE7-40AE-BA10-80EFBAE73131}
		{53FBD5F1-34AC-4A12-B9E3-DE500E073E25} = {92D9112F-1167-476C-9416-C29FFF1092EF}
		{C2D97065-58D5-4116-9486-384B49B5BBDA} = {92D9112F-1167-476C-9416-C29FFF1092EF}
		{5A225781-647B-43CA-96A1-B37CE928BEE9} = {B6A8CDBF-AEE7-40AE-BA10-80EFBAE73131}
		{56B723C5-66A6-41FF-B472-F7FA45AD4D03} = {5A225781-647B-43CA-96A1-B37CE928BEE9}
		{DFCE1487-A9DF-4A73-A3D9-AD2F20DB95D7} = {5A225781-647B-43CA-96A1-B37CE928BEE9}
		{DBBDBC65-44DF-417E-BF66-BB16EE30768F} = {B6A8CDBF-AEE7-40AE-BA10-80EFBAE73131}
		{7CE2E06D-C241-4861-94E6-3838CA84D2D8} = {DBBDBC65-44DF-417E-BF66-BB16EE30768F}
		{1C7A39BC-B798-4D53-9E20-8CA59CBD2754} = {DBBDBC65-44DF-417E-BF66-BB16EE30768F}
		{405A63AA-C855-417E-8138-32B5239BD31D} = {F032516D-A3F0-40A5-9114-11F2E79F796A}
		{C3E93580-6F49-413B-B606-53B3B531F7D1} = {405A63AA-C855-417E-8138-32B5239BD31D}
		{DEB51F3F-EFF5-4DB1-B09B-D43FCA0C7786} = {F032516D-A3F0-40A5-9114-11F2E79F796A}
		{04A3E216-A268-44E3-971B-1D811FC55E46} = {DEB51F3F-EFF5-4DB1-B09B-D43FCA0C7786}
	EndGlobalSection
EndGlobal
